
Microsoft Visual Studio Solution File, Format Version 12.00
# Visual Studio Version 16
VisualStudioVersion = 16.0.31515.178
MinimumVisualStudioVersion = 10.0.40219.1
Project("{FAE04EC0-301F-11D3-BF4B-00C04F79EFBC}") = "OnlineBookStoreAPI", "OnlineBookStoreAPI\OnlineBookStoreAPI.csproj", "{F9560A2D-5DEB-4DA2-98A3-426FDED618CC}"
EndProject
Project("{FAE04EC0-301F-11D3-BF4B-00C04F79EFBC}") = "BookStoreUI", "BookStoreUI\BookStoreUI.csproj", "{C0A5810C-6648-4DC0-BB31-30B2B1CF1C18}"
EndProject
Global
	GlobalSection(SolutionConfigurationPlatforms) = preSolution
		Debug|Any CPU = Debug|Any CPU
		Release|Any CPU = Release|Any CPU
	EndGlobalSection
	GlobalSection(ProjectConfigurationPlatforms) = postSolution
		{F9560A2D-5DEB-4DA2-98A3-426FDED618CC}.Debug|Any CPU.ActiveCfg = Debug|Any CPU
		{F9560A2D-5DEB-4DA2-98A3-426FDED618CC}.Debug|Any CPU.Build.0 = Debug|Any CPU
		{F9560A2D-5DEB-4DA2-98A3-426FDED618CC}.Release|Any CPU.ActiveCfg = Release|Any CPU
		{F9560A2D-5DEB-4DA2-98A3-426FDED618CC}.Release|Any CPU.Build.0 = Release|Any CPU
		{C0A5810C-6648-4DC0-BB31-30B2B1CF1C18}.Debug|Any CPU.ActiveCfg = Debug|Any CPU
		{C0A5810C-6648-4DC0-BB31-30B2B1CF1C18}.Debug|Any CPU.Build.0 = Debug|Any CPU
		{C0A5810C-6648-4DC0-BB31-30B2B1CF1C18}.Release|Any CPU.ActiveCfg = Release|Any CPU
		{C0A5810C-6648-4DC0-BB31-30B2B1CF1C18}.Release|Any CPU.Build.0 = Release|Any CPU
	EndGlobalSection
	GlobalSection(SolutionProperties) = preSolution
		HideSolutionNode = FALSE
	EndGlobalSection
	GlobalSection(ExtensibilityGlobals) = postSolution
		SolutionGuid = {2B658F30-20EF-483A-984E-0E592771C5C1}
	EndGlobalSection
EndGlobal
